{
  "name": "liri",
  "version": "1.0.0",
  "lockfileVersion": 1,
  "requires": true,
  "dependencies": {
    "pnpm": {
      "version": "2.25.2",
      "resolved": "https://registry.npmjs.org/pnpm/-/pnpm-2.25.2.tgz",
      "integrity": "sha512-DB1IFfFf4bxb2nVveQ+Xi4KXO/5uR/53w6GCBRWaej0SZnrHeK+6Lp+/dh0S3THMnX88TJLniTOkAUBco2AItA=="
    }
  }
}
